dependencies:
- name: postgresql
  repository: https://charts.bitnami.com/bitnami
  version: 12.12.10
- name: redis
  repository: https://charts.bitnami.com/bitnami
  version: 18.5.0
digest: sha256:6158ff3958541113a3679f8e53183ba9cf79354457be2c93a9e00deac1360a63
generated: "2023-12-17T19:39:41.268918699+08:00"
